
Microsoft Visual Studio Solution File, Format Version 12.00
# Visual Studio Version 16
VisualStudioVersion = 16.0.32407.337
MinimumVisualStudioVersion = 10.0.40219.1
Project("{FAE04EC0-301F-11D3-BF4B-00C04F79EFBC}") = "Drugstore", "Drugstore\Drugstore.csproj", "{49785B80-CCCE-403B-9FD2-D0AE03D684E9}"
EndProject
Project("{FAE04EC0-301F-11D3-BF4B-00C04F79EFBC}") = "Datos", "Datos\Datos.csproj", "{FC79EED4-B960-49B1-BCD5-15B4EA556AB7}"
EndProject
Project("{FAE04EC0-301F-11D3-BF4B-00C04F79EFBC}") = "Presentacion", "Presentacion\Presentacion.csproj", "{C54F70EF-4BE8-49A1-8C91-70C10101B351}"
EndProject
Project("{FAE04EC0-301F-11D3-BF4B-00C04F79EFBC}") = "Presentacion.Core", "Presentacion.Core\Presentacion.Core.csproj", "{305AA300-9040-428F-94F8-C123E2C87E54}"
EndProject
Project("{FAE04EC0-301F-11D3-BF4B-00C04F79EFBC}") = "Servicios.Core", "Servicios.Core\Servicios.Core.csproj", "{A8242FC0-9ACA-4AA9-A82B-5B5F0640B610}"
EndProject
Global
	GlobalSection(SolutionConfigurationPlatforms) = preSolution
		Debug|Any CPU = Debug|Any CPU
		Release|Any CPU = Release|Any CPU
	EndGlobalSection
	GlobalSection(ProjectConfigurationPlatforms) = postSolution
		{49785B80-CCCE-403B-9FD2-D0AE03D684E9}.Debug|Any CPU.ActiveCfg = Debug|Any CPU
		{49785B80-CCCE-403B-9FD2-D0AE03D684E9}.Debug|Any CPU.Build.0 = Debug|Any CPU
		{49785B80-CCCE-403B-9FD2-D0AE03D684E9}.Release|Any CPU.ActiveCfg = Release|Any CPU
		{49785B80-CCCE-403B-9FD2-D0AE03D684E9}.Release|Any CPU.Build.0 = Release|Any CPU
		{FC79EED4-B960-49B1-BCD5-15B4EA556AB7}.Debug|Any CPU.ActiveCfg = Debug|Any CPU
		{FC79EED4-B960-49B1-BCD5-15B4EA556AB7}.Debug|Any CPU.Build.0 = Debug|Any CPU
		{FC79EED4-B960-49B1-BCD5-15B4EA556AB7}.Release|Any CPU.ActiveCfg = Release|Any CPU
		{FC79EED4-B960-49B1-BCD5-15B4EA556AB7}.Release|Any CPU.Build.0 = Release|Any CPU
		{C54F70EF-4BE8-49A1-8C91-70C10101B351}.Debug|Any CPU.ActiveCfg = Debug|Any CPU
		{C54F70EF-4BE8-49A1-8C91-70C10101B351}.Debug|Any CPU.Build.0 = Debug|Any CPU
		{C54F70EF-4BE8-49A1-8C91-70C10101B351}.Release|Any CPU.ActiveCfg = Release|Any CPU
		{C54F70EF-4BE8-49A1-8C91-70C10101B351}.Release|Any CPU.Build.0 = Release|Any CPU
		{305AA300-9040-428F-94F8-C123E2C87E54}.Debug|Any CPU.ActiveCfg = Debug|Any CPU
		{305AA300-9040-428F-94F8-C123E2C87E54}.Debug|Any CPU.Build.0 = Debug|Any CPU
		{305AA300-9040-428F-94F8-C123E2C87E54}.Release|Any CPU.ActiveCfg = Release|Any CPU
		{305AA300-9040-428F-94F8-C123E2C87E54}.Release|Any CPU.Build.0 = Release|Any CPU
		{A8242FC0-9ACA-4AA9-A82B-5B5F0640B610}.Debug|Any CPU.ActiveCfg = Debug|Any CPU
		{A8242FC0-9ACA-4AA9-A82B-5B5F0640B610}.Debug|Any CPU.Build.0 = Debug|Any CPU
		{A8242FC0-9ACA-4AA9-A82B-5B5F0640B610}.Release|Any CPU.ActiveCfg = Release|Any CPU
		{A8242FC0-9ACA-4AA9-A82B-5B5F0640B610}.Release|Any CPU.Build.0 = Release|Any CPU
	EndGlobalSection
	GlobalSection(SolutionProperties) = preSolution
		HideSolutionNode = FALSE
	EndGlobalSection
	GlobalSection(ExtensibilityGlobals) = postSolution
		SolutionGuid = {96348A4D-D765-4E65-BF10-52CA87691823}
	EndGlobalSection
EndGlobal
